
Microsoft Visual Studio Solution File, Format Version 12.00
# Visual Studio 15
VisualStudioVersion = 15.0.26730.15
MinimumVisualStudioVersion = 10.0.40219.1
Project("{FAE04EC0-301F-11D3-BF4B-00C04F79EFBC}") = "MoviesForm", "MoviesForm\MoviesForm.csproj", "{DBB00FA0-7166-434F-B23D-6268920C0828}"
EndProject
Project("{FAE04EC0-301F-11D3-BF4B-00C04F79EFBC}") = "MovieDetails", "MovieDetails\MovieDetails.csproj", "{000B2B3C-D866-4D2A-83F1-80B12A51AA64}"
EndProject
Global
	GlobalSection(SolutionConfigurationPlatforms) = preSolution
		Debug|Any CPU = Debug|Any CPU
		Release|Any CPU = Release|Any CPU
	EndGlobalSection
	GlobalSection(ProjectConfigurationPlatforms) = postSolution
		{DBB00FA0-7166-434F-B23D-6268920C0828}.Debug|Any CPU.ActiveCfg = Debug|Any CPU
		{DBB00FA0-7166-434F-B23D-6268920C0828}.Debug|Any CPU.Build.0 = Debug|Any CPU
		{DBB00FA0-7166-434F-B23D-6268920C0828}.Release|Any CPU.ActiveCfg = Release|Any CPU
		{DBB00FA0-7166-434F-B23D-6268920C0828}.Release|Any CPU.Build.0 = Release|Any CPU
		{000B2B3C-D866-4D2A-83F1-80B12A51AA64}.Debug|Any CPU.ActiveCfg = Debug|Any CPU
		{000B2B3C-D866-4D2A-83F1-80B12A51AA64}.Debug|Any CPU.Build.0 = Debug|Any CPU
		{000B2B3C-D866-4D2A-83F1-80B12A51AA64}.Release|Any CPU.ActiveCfg = Release|Any CPU
		{000B2B3C-D866-4D2A-83F1-80B12A51AA64}.Release|Any CPU.Build.0 = Release|Any CPU
	EndGlobalSection
	GlobalSection(SolutionProperties) = preSolution
		HideSolutionNode = FALSE
	EndGlobalSection
	GlobalSection(ExtensibilityGlobals) = postSolution
		SolutionGuid = {D521E92B-CE67-4FAB-9CE8-0A2ABB013DA5}
	EndGlobalSection
EndGlobal
